<?xml version="1.0" encoding="utf-8"?>
<Project ToolsVersion="4.0" xmlns="http://schemas.microsoft.com/developer/msbuild/2003">
  <ItemGroup>
    <ClCompile Include="Assert.cpp" />
    <ClCompile Include="Camera.cpp" />
    <ClCompile Include="ClearScene.cpp" />
    <ClCompile Include="EmAround.cpp" />
    <ClCompile Include="Enemy.cpp" />
    <ClCompile Include="EmLookback.cpp" />
    <ClCompile Include="EnemyFactory.cpp" />
    <ClCompile Include="EnemyServer.cpp" />
    <ClCompile Include="GameMain.cpp" />
    <ClCompile Include="GameOverScene.cpp" />
    <ClCompile Include="GameScene.cpp" />
    <ClCompile Include="GimButton.cpp" />
    <ClCompile Include="GimDrop.cpp" />
    <ClCompile Include="Gimmick.cpp" />
    <ClCompile Include="GimmickFactory.cpp" />
    <ClCompile Include="GimPull.cpp" />
    <ClCompile Include="HitClass.cpp" />
    <ClCompile Include="ImageMgr.cpp" />
    <ClCompile Include="Input.cpp" />
    <ClCompile Include="main.cpp" />
    <ClCompile Include="MapCtl.cpp" />
    <ClCompile Include="Math.cpp" />
    <ClCompile Include="Midpoint.cpp" />
    <ClCompile Include="ModelMgr.cpp" />
    <ClCompile Include="Object.cpp" />
    <ClCompile Include="Player.cpp" />
    <ClCompile Include="ResultScene.cpp" />
    <ClCompile Include="Rope.cpp" />
    <ClCompile Include="Scene.cpp" />
    <ClCompile Include="SelectScene.cpp" />
    <ClCompile Include="SensorDoor.cpp" />
    <ClCompile Include="TimeManager.cpp" />
    <ClCompile Include="TitleScene.cpp" />
  </ItemGroup>
  <ItemGroup>
    <ClInclude Include="Assert.h" />
    <ClInclude Include="Camera.h" />
    <ClInclude Include="ClearScene.h" />
    <ClInclude Include="EmAround.h" />
    <ClInclude Include="Enemy.h" />
    <ClInclude Include="EmLookback.h" />
    <ClInclude Include="EnemyFactory.h" />
    <ClInclude Include="EnemyServer.h" />
    <ClInclude Include="GameMain.h" />
    <ClInclude Include="GameOverScene.h" />
    <ClInclude Include="GameScene.h" />
    <ClInclude Include="Geometry.h" />
    <ClInclude Include="GimButton.h" />
    <ClInclude Include="GimDrop.h" />
    <ClInclude Include="Gimmick.h" />
    <ClInclude Include="GimmickFactory.h" />
    <ClInclude Include="GimPull.h" />
    <ClInclude Include="HitClass.h" />
    <ClInclude Include="ImageMgr.h" />
    <ClInclude Include="Input.h" />
    <ClInclude Include="MapCtl.h" />
    <ClInclude Include="Math.h" />
    <ClInclude Include="Midpoint.h" />
    <ClInclude Include="ModelMgr.h" />
    <ClInclude Include="Object.h" />
    <ClInclude Include="Player.h" />
    <ClInclude Include="ResultScene.h" />
    <ClInclude Include="Rope.h" />
    <ClInclude Include="Scene.h" />
    <ClInclude Include="SelectScene.h" />
    <ClInclude Include="SensorDoor.h" />
    <ClInclude Include="TimeManager.h" />
    <ClInclude Include="TitleScene.h" />
  </ItemGroup>
</Project>